
Microsoft Visual Studio Solution File, Format Version 12.00
# Visual Studio Version 16
VisualStudioVersion = 16.0.30128.74
MinimumVisualStudioVersion = 10.0.40219.1
Project("{9A19103F-16F7-4668-BE54-9A1E7A4F7556}") = "Roulette.API", "Roulette.API.csproj", "{423D5040-6DBA-4F85-94F0-FB82B29B188D}"
EndProject
Project("{9A19103F-16F7-4668-BE54-9A1E7A4F7556}") = "Roulette.Core", "..\Roulette.Core\Roulette.Core.csproj", "{420AA9E4-BA94-43D6-8449-323E3114B8BC}"
EndProject
Project("{2150E333-8FDC-42A3-9474-1A3956D46DE8}") = "Lambdas", "Lambdas", "{813216EA-C845-44C0-8921-95963B984DEF}"
EndProject
Project("{9A19103F-16F7-4668-BE54-9A1E7A4F7556}") = "WinnersHandlerLambda", "..\WinnersHandlerLambda\WinnersHandlerLambda.csproj", "{06D99126-3A59-48AB-A643-805554A8CEF6}"
EndProject
Project("{9A19103F-16F7-4668-BE54-9A1E7A4F7556}") = "BidsHandlerLambda", "..\BidsHandlerLambda\BidsHandlerLambda.csproj", "{07970753-C10C-4696-A2BF-8F45F5581779}"
EndProject
Global
	GlobalSection(SolutionConfigurationPlatforms) = preSolution
		Debug|Any CPU = Debug|Any CPU
		Release|Any CPU = Release|Any CPU
	EndGlobalSection
	GlobalSection(ProjectConfigurationPlatforms) = postSolution
		{423D5040-6DBA-4F85-94F0-FB82B29B188D}.Debug|Any CPU.ActiveCfg = Debug|Any CPU
		{423D5040-6DBA-4F85-94F0-FB82B29B188D}.Debug|Any CPU.Build.0 = Debug|Any CPU
		{423D5040-6DBA-4F85-94F0-FB82B29B188D}.Release|Any CPU.ActiveCfg = Release|Any CPU
		{423D5040-6DBA-4F85-94F0-FB82B29B188D}.Release|Any CPU.Build.0 = Release|Any CPU
		{420AA9E4-BA94-43D6-8449-323E3114B8BC}.Debug|Any CPU.ActiveCfg = Debug|Any CPU
		{420AA9E4-BA94-43D6-8449-323E3114B8BC}.Debug|Any CPU.Build.0 = Debug|Any CPU
		{420AA9E4-BA94-43D6-8449-323E3114B8BC}.Release|Any CPU.ActiveCfg = Release|Any CPU
		{420AA9E4-BA94-43D6-8449-323E3114B8BC}.Release|Any CPU.Build.0 = Release|Any CPU
		{06D99126-3A59-48AB-A643-805554A8CEF6}.Debug|Any CPU.ActiveCfg = Debug|Any CPU
		{06D99126-3A59-48AB-A643-805554A8CEF6}.Debug|Any CPU.Build.0 = Debug|Any CPU
		{06D99126-3A59-48AB-A643-805554A8CEF6}.Release|Any CPU.ActiveCfg = Release|Any CPU
		{06D99126-3A59-48AB-A643-805554A8CEF6}.Release|Any CPU.Build.0 = Release|Any CPU
		{07970753-C10C-4696-A2BF-8F45F5581779}.Debug|Any CPU.ActiveCfg = Debug|Any CPU
		{07970753-C10C-4696-A2BF-8F45F5581779}.Debug|Any CPU.Build.0 = Debug|Any CPU
		{07970753-C10C-4696-A2BF-8F45F5581779}.Release|Any CPU.ActiveCfg = Release|Any CPU
		{07970753-C10C-4696-A2BF-8F45F5581779}.Release|Any CPU.Build.0 = Release|Any CPU
	EndGlobalSection
	GlobalSection(SolutionProperties) = preSolution
		HideSolutionNode = FALSE
	EndGlobalSection
	GlobalSection(NestedProjects) = preSolution
		{06D99126-3A59-48AB-A643-805554A8CEF6} = {813216EA-C845-44C0-8921-95963B984DEF}
		{07970753-C10C-4696-A2BF-8F45F5581779} = {813216EA-C845-44C0-8921-95963B984DEF}
	EndGlobalSection
	GlobalSection(ExtensibilityGlobals) = postSolution
		SolutionGuid = {B7DEF720-6466-423C-ADDA-4734BE411427}
	EndGlobalSection
EndGlobal
